
Microsoft Visual Studio Solution File, Format Version 12.00
# Visual Studio Version 17
VisualStudioVersion = 17.4.33213.308
MinimumVisualStudioVersion = 10.0.40219.1
Project("{FAE04EC0-301F-11D3-BF4B-00C04F79EFBC}") = "WebApplication2", "WebApplication2\WebApplication2.csproj", "{31795AA7-8852-42AE-B1C8-CDE6101486F5}"
EndProject
Global
	GlobalSection(SolutionConfigurationPlatforms) = preSolution
		Debug|Any CPU = Debug|Any CPU
		Release|Any CPU = Release|Any CPU
	EndGlobalSection
	GlobalSection(ProjectConfigurationPlatforms) = postSolution
		{31795AA7-8852-42AE-B1C8-CDE6101486F5}.Debug|Any CPU.ActiveCfg = Debug|Any CPU
		{31795AA7-8852-42AE-B1C8-CDE6101486F5}.Debug|Any CPU.Build.0 = Debug|Any CPU
		{31795AA7-8852-42AE-B1C8-CDE6101486F5}.Release|Any CPU.ActiveCfg = Release|Any CPU
		{31795AA7-8852-42AE-B1C8-CDE6101486F5}.Release|Any CPU.Build.0 = Release|Any CPU
	EndGlobalSection
	GlobalSection(SolutionProperties) = preSolution
		HideSolutionNode = FALSE
	EndGlobalSection
	GlobalSection(ExtensibilityGlobals) = postSolution
		SolutionGuid = {67360121-48AD-4B27-B53C-A5BB18285BE4}
	EndGlobalSection
EndGlobal
